
Microsoft Visual Studio Solution File, Format Version 12.00
# Visual Studio Version 17
VisualStudioVersion = 17.5.33502.453
MinimumVisualStudioVersion = 10.0.40219.1
Project("{FAE04EC0-301F-11D3-BF4B-00C04F79EFBC}") = "ProgressBankApp", "ProgressBankApp\ProgressBankApp.csproj", "{E2AE3DBD-05D6-4E4C-B0CE-0404FA983C32}"
EndProject
Global
	GlobalSection(SolutionConfigurationPlatforms) = preSolution
		Debug|Any CPU = Debug|Any CPU
		Release|Any CPU = Release|Any CPU
	EndGlobalSection
	GlobalSection(ProjectConfigurationPlatforms) = postSolution
		{E2AE3DBD-05D6-4E4C-B0CE-0404FA983C32}.Debug|Any CPU.ActiveCfg = Debug|Any CPU
		{E2AE3DBD-05D6-4E4C-B0CE-0404FA983C32}.Debug|Any CPU.Build.0 = Debug|Any CPU
		{E2AE3DBD-05D6-4E4C-B0CE-0404FA983C32}.Release|Any CPU.ActiveCfg = Release|Any CPU
		{E2AE3DBD-05D6-4E4C-B0CE-0404FA983C32}.Release|Any CPU.Build.0 = Release|Any CPU
	EndGlobalSection
	GlobalSection(SolutionProperties) = preSolution
		HideSolutionNode = FALSE
	EndGlobalSection
	GlobalSection(ExtensibilityGlobals) = postSolution
		SolutionGuid = {A94D0B90-B43F-4D86-BDEB-93919BFDEEFB}
	EndGlobalSection
EndGlobal
